
Microsoft Visual Studio Solution File, Format Version 12.00
# Visual Studio Version 17
VisualStudioVersion = 17.11.35327.3
MinimumVisualStudioVersion = 10.0.40219.1
Project("{FAE04EC0-301F-11D3-BF4B-00C04F79EFBC}") = "DwgThumbnailReader", "DwgThumbnailReader\DwgThumbnailReader.csproj", "{F37A5C76-7C8D-452E-A194-BA24B7C74EF6}"
EndProject
Project("{2150E333-8FDC-42A3-9474-1A3956D46DE8}") = "example", "example", "{1D587995-D2B1-D47C-23B4-E8E972FA15E9}"
EndProject
Project("{FAE04EC0-301F-11D3-BF4B-00C04F79EFBC}") = "DwgThumbnailViewer", "example\DwgThumbnailViewer\DwgThumbnailViewer.csproj", "{6D0607AE-582C-C33F-39AC-344981CD9EA5}"
EndProject
Project("{FAE04EC0-301F-11D3-BF4B-00C04F79EFBC}") = "FileDump", "example\FileDump\FileDump.csproj", "{0049DC66-2BDF-4597-A204-7FB48812DB6F}"
EndProject
Global
	GlobalSection(SolutionConfigurationPlatforms) = preSolution
		Debug|Any CPU = Debug|Any CPU
		Release|Any CPU = Release|Any CPU
	EndGlobalSection
	GlobalSection(ProjectConfigurationPlatforms) = postSolution
		{F37A5C76-7C8D-452E-A194-BA24B7C74EF6}.Debug|Any CPU.ActiveCfg = Debug|Any CPU
		{F37A5C76-7C8D-452E-A194-BA24B7C74EF6}.Debug|Any CPU.Build.0 = Debug|Any CPU
		{F37A5C76-7C8D-452E-A194-BA24B7C74EF6}.Release|Any CPU.ActiveCfg = Release|Any CPU
		{F37A5C76-7C8D-452E-A194-BA24B7C74EF6}.Release|Any CPU.Build.0 = Release|Any CPU
		{6D0607AE-582C-C33F-39AC-344981CD9EA5}.Debug|Any CPU.ActiveCfg = Debug|Any CPU
		{6D0607AE-582C-C33F-39AC-344981CD9EA5}.Debug|Any CPU.Build.0 = Debug|Any CPU
		{6D0607AE-582C-C33F-39AC-344981CD9EA5}.Release|Any CPU.ActiveCfg = Release|Any CPU
		{6D0607AE-582C-C33F-39AC-344981CD9EA5}.Release|Any CPU.Build.0 = Release|Any CPU
		{0049DC66-2BDF-4597-A204-7FB48812DB6F}.Debug|Any CPU.ActiveCfg = Debug|Any CPU
		{0049DC66-2BDF-4597-A204-7FB48812DB6F}.Debug|Any CPU.Build.0 = Debug|Any CPU
		{0049DC66-2BDF-4597-A204-7FB48812DB6F}.Release|Any CPU.ActiveCfg = Release|Any CPU
		{0049DC66-2BDF-4597-A204-7FB48812DB6F}.Release|Any CPU.Build.0 = Release|Any CPU
	EndGlobalSection
	GlobalSection(SolutionProperties) = preSolution
		HideSolutionNode = FALSE
	EndGlobalSection
	GlobalSection(NestedProjects) = preSolution
		{6D0607AE-582C-C33F-39AC-344981CD9EA5} = {1D587995-D2B1-D47C-23B4-E8E972FA15E9}
		{0049DC66-2BDF-4597-A204-7FB48812DB6F} = {1D587995-D2B1-D47C-23B4-E8E972FA15E9}
	EndGlobalSection
	GlobalSection(ExtensibilityGlobals) = postSolution
		SolutionGuid = {1010F1EE-7F69-4846-8F7A-981E1D6F6D2E}
	EndGlobalSection
EndGlobal
